PODS:
  - Capacitor (7.0.1):
    - CapacitorCordova
  - CapacitorApp (7.0.0):
    - Capacitor
  - CapacitorCordova (7.0.1)
  - CapacitorHaptics (7.0.0):
    - Capacitor
  - CapacitorKeyboard (7.0.0):
    - Capacitor
  - CapacitorPreferences (7.0.0):
    - Capacitor
  - CapacitorShare (7.0.0):
    - Capacitor
  - CapacitorSplashScreen (7.0.0):
    - Capacitor
  - CapacitorStatusBar (7.0.0):
    - Capacitor
  - CordovaPlugins (7.0.1):
    - CapacitorCordova
  - IonicEnterpriseAuth (7.0.0):
    - Capacitor

DEPENDENCIES:
  - "Capacitor (from `../../node_modules/@capacitor/ios`)"
  - "CapacitorApp (from `../../node_modules/@capacitor/app`)"
  - "CapacitorCordova (from `../../node_modules/@capacitor/ios`)"
  - "CapacitorHaptics (from `../../node_modules/@capacitor/haptics`)"
  - "CapacitorKeyboard (from `../../node_modules/@capacitor/keyboard`)"
  - "CapacitorPreferences (from `../../node_modules/@capacitor/preferences`)"
  - "CapacitorShare (from `../../node_modules/@capacitor/share`)"
  - "CapacitorSplashScreen (from `../../node_modules/@capacitor/splash-screen`)"
  - "CapacitorStatusBar (from `../../node_modules/@capacitor/status-bar`)"
  - CordovaPlugins (from `../capacitor-cordova-ios-plugins`)
  - "IonicEnterpriseAuth (from `../../node_modules/@ionic-enterprise/auth`)"

EXTERNAL SOURCES:
  Capacitor:
    :path: "../../node_modules/@capacitor/ios"
  CapacitorApp:
    :path: "../../node_modules/@capacitor/app"
  CapacitorCordova:
    :path: "../../node_modules/@capacitor/ios"
  CapacitorHaptics:
    :path: "../../node_modules/@capacitor/haptics"
  CapacitorKeyboard:
    :path: "../../node_modules/@capacitor/keyboard"
  CapacitorPreferences:
    :path: "../../node_modules/@capacitor/preferences"
  CapacitorShare:
    :path: "../../node_modules/@capacitor/share"
  CapacitorSplashScreen:
    :path: "../../node_modules/@capacitor/splash-screen"
  CapacitorStatusBar:
    :path: "../../node_modules/@capacitor/status-bar"
  CordovaPlugins:
    :path: "../capacitor-cordova-ios-plugins"
  IonicEnterpriseAuth:
    :path: "../../node_modules/@ionic-enterprise/auth"

SPEC CHECKSUMS:
  Capacitor: de199cba6c8b20995428ad0b7cb0bc6ca625ffd4
  CapacitorApp: 9cb31064a6c6bb2b1438583733a7bf45557fc1da
  CapacitorCordova: 63d476958d5022d76f197031e8b7ea3519988c64
  CapacitorHaptics: 7be406a91e4eb87287f321c6c68e1709d6837b3a
  CapacitorKeyboard: 4db71e694e7afb5d7c0be09b05495c19f7d6c914
  CapacitorPreferences: 8e4bef1f937fc991a19d7ea99330c36a62edd24b
  CapacitorShare: d94c53d7656f1ce8f6712ae8d19ab0c18a69259f
  CapacitorSplashScreen: 7e7a0a1113833032f196b3af6fa437baccacf5bc
  CapacitorStatusBar: a8c4c83ed2e973bdafb979e80e4b00d027832cb7
  CordovaPlugins: 48fc567a0fa74c335d07ed8f7f300f1641688a5d
  IonicEnterpriseAuth: 8ccea1d58d420b08d655acf72e69c9d2baa1c1d1

PODFILE CHECKSUM: 10a14191d799f9eb89829dd9bf405af7638deffc

COCOAPODS: 1.16.2
